
Microsoft Visual Studio Solution File, Format Version 12.00
# Visual Studio 15
VisualStudioVersion = 15.0.27130.2010
MinimumVisualStudioVersion = 10.0.40219.1
Project("{FAE04EC0-301F-11D3-BF4B-00C04F79EFBC}") = "MySportsBook.Model", "MySportsBook.Model\MySportsBook.Model.csproj", "{267701E2-286D-4F34-8BEF-851D0A496B4E}"
EndProject
Project("{FAE04EC0-301F-11D3-BF4B-00C04F79EFBC}") = "MySportsBook.Web", "MySportsBook.Web\MySportsBook.Web.csproj", "{42B812CF-10D4-44B5-AE55-F1C39425F36C}"
EndProject
Global
	GlobalSection(SolutionConfigurationPlatforms) = preSolution
		Debug|Any CPU = Debug|Any CPU
		Release|Any CPU = Release|Any CPU
	EndGlobalSection
	GlobalSection(ProjectConfigurationPlatforms) = postSolution
		{267701E2-286D-4F34-8BEF-851D0A496B4E}.Debug|Any CPU.ActiveCfg = Debug|Any CPU
		{267701E2-286D-4F34-8BEF-851D0A496B4E}.Debug|Any CPU.Build.0 = Debug|Any CPU
		{267701E2-286D-4F34-8BEF-851D0A496B4E}.Release|Any CPU.ActiveCfg = Release|Any CPU
		{267701E2-286D-4F34-8BEF-851D0A496B4E}.Release|Any CPU.Build.0 = Release|Any CPU
		{42B812CF-10D4-44B5-AE55-F1C39425F36C}.Debug|Any CPU.ActiveCfg = Debug|Any CPU
		{42B812CF-10D4-44B5-AE55-F1C39425F36C}.Debug|Any CPU.Build.0 = Debug|Any CPU
		{42B812CF-10D4-44B5-AE55-F1C39425F36C}.Release|Any CPU.ActiveCfg = Release|Any CPU
		{42B812CF-10D4-44B5-AE55-F1C39425F36C}.Release|Any CPU.Build.0 = Release|Any CPU
	EndGlobalSection
	GlobalSection(SolutionProperties) = preSolution
		HideSolutionNode = FALSE
	EndGlobalSection
	GlobalSection(ExtensibilityGlobals) = postSolution
		SolutionGuid = {33796D2C-E76C-4444-8FA1-B877531D5228}
	EndGlobalSection
EndGlobal
